{
    "_meta": {
        "hash": {
            "sha256": "d32b13dbd0c5d09055cafc02f11b1cb995dfcc20141d67ea5eae8e26111388d7"
        },
        "pipfile-spec": 6,
        "requires": {
            "python_version": "3.6"
        },
        "sources": [
            {
                "name": "pypi",
                "url": "https://pypi.org/simple",
                "verify_ssl": true
            }
        ]
    },
    "default": {
        "asn1crypto": {
            "hashes": [
                "sha256:2f1adbb7546ed199e3c90ef23ec95c5cf3585bac7d11fb7eb562a3fe89c64e87",
                "sha256:9d5c20441baf0cb60a4ac34cc447c6c189024b6b4c6cd7877034f4965c464e49"
            ],
            "version": "==0.24.0"
        },
        "cffi": {
            "hashes": [
                "sha256:041c81822e9f84b1d9c401182e174996f0bae9991f33725d059b771744290774",
                "sha256:046ef9a22f5d3eed06334d01b1e836977eeef500d9b78e9ef693f9380ad0b83d",
                "sha256:066bc4c7895c91812eff46f4b1c285220947d4aa46fa0a2651ff85f2afae9c90",
                "sha256:066c7ff148ae33040c01058662d6752fd73fbc8e64787229ea8498c7d7f4041b",
                "sha256:2444d0c61f03dcd26dbf7600cf64354376ee579acad77aef459e34efcb438c63",
                "sha256:300832850b8f7967e278870c5d51e3819b9aad8f0a2c8dbe39ab11f119237f45",
                "sha256:34c77afe85b6b9e967bd8154e3855e847b70ca42043db6ad17f26899a3df1b25",
                "sha256:46de5fa00f7ac09f020729148ff632819649b3e05a007d286242c4882f7b1dc3",
                "sha256:4aa8ee7ba27c472d429b980c51e714a24f47ca296d53f4d7868075b175866f4b",
                "sha256:4d0004eb4351e35ed950c14c11e734182591465a33e960a4ab5e8d4f04d72647",
                "sha256:4e3d3f31a1e202b0f5a35ba3bc4eb41e2fc2b11c1eff38b362de710bcffb5016",
                "sha256:50bec6d35e6b1aaeb17f7c4e2b9374ebf95a8975d57863546fa83e8d31bdb8c4",
                "sha256:55cad9a6df1e2a1d62063f79d0881a414a906a6962bc160ac968cc03ed3efcfb",
                "sha256:5662ad4e4e84f1eaa8efce5da695c5d2e229c563f9d5ce5b0113f71321bcf753",
                "sha256:59b4dc008f98fc6ee2bb4fd7fc786a8d70000d058c2bbe2698275bc53a8d3fa7",
                "sha256:73e1ffefe05e4ccd7bcea61af76f36077b914f92b76f95ccf00b0c1b9186f3f9",
                "sha256:a1f0fd46eba2d71ce1589f7e50a9e2ffaeb739fb2c11e8192aa2b45d5f6cc41f",
                "sha256:a2e85dc204556657661051ff4bab75a84e968669765c8a2cd425918699c3d0e8",
                "sha256:a5457d47dfff24882a21492e5815f891c0ca35fefae8aa742c6c263dac16ef1f",
                "sha256:a8dccd61d52a8dae4a825cdbb7735da530179fea472903eb871a5513b5abbfdc",
                "sha256:ae61af521ed676cf16ae94f30fe202781a38d7178b6b4ab622e4eec8cefaff42",
                "sha256:b012a5edb48288f77a63dba0840c92d0504aa215612da4541b7b42d849bc83a3",
                "sha256:d2c5cfa536227f57f97c92ac30c8109688ace8fa4ac086d19d0af47d134e2909",
                "sha256:d42b5796e20aacc9d15e66befb7a345454eef794fdb0737d1af593447c6c8f45",
                "sha256:dee54f5d30d775f525894d67b1495625dd9322945e7fee00731952e0368ff42d",
                "sha256:e070535507bd6aa07124258171be2ee8dfc19119c28ca94c9dfb7efd23564512",
                "sha256:e1ff2748c84d97b065cc95429814cdba39bcbd77c9c85c89344b317dc0d9cbff",
                "sha256:ed851c75d1e0e043cbf5ca9a8e1b13c4c90f3fbd863dacb01c0808e2b5204201"
            ],
            "index": "pypi",
            "version": "==1.12.3"
        },
        "characteristic": {
            "hashes": [
                "sha256:5324ca333fc9705bf0f1a38d36021baa37888590ccfe8c3738c68adfa609bbbb",
                "sha256:ded68d4e424115ed44e5c83c2a901a0b6157a959079d7591d92106ffd3ada380"
            ],
            "index": "pypi",
            "version": "==14.3.0"
        },
        "cryptography": {
            "hashes": [
                "sha256:24b61e5fcb506424d3ec4e18bca995833839bf13c59fc43e530e488f28d46b8c",
                "sha256:25dd1581a183e9e7a806fe0543f485103232f940fcfc301db65e630512cce643",
                "sha256:3452bba7c21c69f2df772762be0066c7ed5dc65df494a1d53a58b683a83e1216",
                "sha256:41a0be220dd1ed9e998f5891948306eb8c812b512dc398e5a01846d855050799",
                "sha256:5751d8a11b956fbfa314f6553d186b94aa70fdb03d8a4d4f1c82dcacf0cbe28a",
                "sha256:5f61c7d749048fa6e3322258b4263463bfccefecb0dd731b6561cb617a1d9bb9",
                "sha256:72e24c521fa2106f19623a3851e9f89ddfdeb9ac63871c7643790f872a305dfc",
                "sha256:7b97ae6ef5cba2e3bb14256625423413d5ce8d1abb91d4f29b6d1a081da765f8",
                "sha256:961e886d8a3590fd2c723cf07be14e2a91cf53c25f02435c04d39e90780e3b53",
                "sha256:96d8473848e984184b6728e2c9d391482008646276c3ff084a1bd89e15ff53a1",
                "sha256:ae536da50c7ad1e002c3eee101871d93abdc90d9c5f651818450a0d3af718609",
                "sha256:b0db0cecf396033abb4a93c95d1602f268b3a68bb0a9cc06a7cff587bb9a7292",
                "sha256:cfee9164954c186b191b91d4193989ca994703b2fff406f71cf454a2d3c7327e",
                "sha256:e6347742ac8f35ded4a46ff835c60e68c22a536a8ae5c4422966d06946b6d4c6",
                "sha256:f27d93f0139a3c056172ebb5d4f9056e770fdf0206c2f422ff2ebbad142e09ed",
                "sha256:f57b76e46a58b63d1c6375017f4564a28f19a5ca912691fd2e4261b3414b618d"
            ],
            "index": "pypi",
            "version": "==2.7"
        },
        "cssselect": {
            "hashes": [
                "sha256:0535a7e27014874b27ae3a4d33e8749e345bdfa62766195208b7996bf1100682"
            ],
            "index": "pypi",
            "version": "==0.9.1"
        },
        "decorator": {
            "hashes": [
                "sha256:1c6254597777fd003da2e8fb503c3dbf3d9e8f8d55f054709c0e65be3467209c",
                "sha256:cc3dcda7835a7eafa887fad9d6a69b2d5fd77c0b1c2a1608f52b48e345e37206"
            ],
            "index": "pypi",
            "version": "==4.0.6"
        },
        "gmpy2": {
            "hashes": [
                "sha256:288510251de747ac26c378ff5c1ebc9468323c10e511f470a41847d4ecd05f54",
                "sha256:2e576baad2ee059a38f9c0a79c2857c22c8d084765ee2fcc826aff43f9edcb65",
                "sha256:92f980c4bf5035e1eea4634817ec8a9a8d5b541bbec9f1a41fd4bb405b1bb81c",
                "sha256:9b53e8da0bcac6fbd509bc6a9174730e00ec8eaf43a5e43154985736bdae4b1f",
                "sha256:db4b58b5b2455118bf3fa56b8fcc82e4ef1b138a6b81f92ca7ef6f2f88711131",
                "sha256:dd233e3288b90f21b0bb384bcc7a7e73557bb112ccf0032ad52aa614eb373d3f",
                "sha256:e70435412e605f0c685b5ab524b969f3fdcdf076d6116290ad8d1329cfded496",
                "sha256:fc116f425cc44b9b3835173ba5607be3c5a5093d23b25a6e0b2b1c42177fcc75",
                "sha256:fc959314c8a378c927e2b7a41baccf8ad2a9fcf5c7afe06a84a4a47253ed7060"
            ],
            "index": "pypi",
            "version": "==2.0.8"
        },
        "idna": {
            "hashes": [
                "sha256:16199aad938b290f5be1057c0e1efc6546229391c23cea61ca940c115f7d3d3b",
                "sha256:9b2fc50bd3c4ba306b9651b69411ef22026d4d8335b93afc2214cef1246ce707"
            ],
            "index": "pypi",
            "version": "==2.0"
        },
        "ipaddress": {
            "hashes": [
                "sha256:5a3182b322a706525c46282ca6f064d27a02cffbd449f9f47416f1dc96aa71b0",
                "sha256:935712800ce4760701d89ad677666cd52691fd2f6f0b340c8b4239a3c17988a5"
            ],
            "index": "pypi",
            "version": "==1.0.16"
        },
        "ipython": {
            "hashes": [
                "sha256:3a928f59e8ac8dd97858c28390867c87c09510f1f8bbe97e4e9c6b036eb84fc0",
                "sha256:5233a3d31eb567c8135db32c5fd68413906dfcbaf225af03d38f045528aa3f90",
                "sha256:5c2d84dbe2a9c183dc01a3b3daba5caaf4bd0cfc6c8348c17f2102df12b19977",
                "sha256:a1660c83f651de5f2eade7d75591de0606bc8693fb0468f1250d08cd1a64a952"
            ],
            "index": "pypi",
            "version": "==4.0.3"
        },
        "ipython-genutils": {
            "hashes": [
                "sha256:0c43fa84e93ad0e4dbecaffc6656ac1caf1a48359b2bb0a5da3af84164e3f49b",
                "sha256:3a0624a251a26463c9dfa0ffa635ec51c4265380980d9a50d65611c3c2bd82a6",
                "sha256:6218e9abd612fb5acfb175ea7c7b026006de4df9691d9a73c9b390cfa1a41c2b"
            ],
            "index": "pypi",
            "version": "==0.1.0"
        },
        "joblib": {
            "hashes": [
                "sha256:21e0c34a69ad7fde4f2b1f3402290e9ec46f545f15f1541c582edfe05d87b63a",
                "sha256:315d6b19643ec4afd4c41c671f9f2d65ea9d787da093487a81ead7b0bac94524"
            ],
            "version": "==0.13.2"
        },
        "lxml": {
            "hashes": [
                "sha256:2d46192109bf662413febb54fe3a3354d564bc274dd5454755b39d6a8f1f0697",
                "sha256:3178c8fbe9a7b5356edf7d351fc97cd653527e2f90fe717ba42bdce24746137d",
                "sha256:349f93e3a4b09cc59418854ab8013d027d246757c51744bf20069bc89016f578",
                "sha256:3caadf90ba3f0442f4f75e8b6c5601b70bf17f94d41ded92232757de257ed084",
                "sha256:f1ee626db1365fc789dc5b3807cb7ea50a0d004d60404288a97e9424daa45cfd",
                "sha256:f4253563021feb84aa2d4c06443418099b07356c59a3f4a77fd7eaf36d54642e"
            ],
            "index": "pypi",
            "version": "==3.5.0"
        },
        "numpy": {
            "hashes": [
                "sha256:03e311b0a4c9f5755da7d52161280c6a78406c7be5c5cc7facfbcebb641efb7e",
                "sha256:0cdd229a53d2720d21175012ab0599665f8c9588b3b8ffa6095dd7b90f0691dd",
                "sha256:312bb18e95218bedc3563f26fcc9c1c6bfaaf9d453d15942c0839acdd7e4c473",
                "sha256:464b1c48baf49e8505b1bb754c47a013d2c305c5b14269b5c85ea0625b6a988a",
                "sha256:5adfde7bd3ee4864536e230bcab1c673f866736698724d5d28c11a4d63672658",
                "sha256:7724e9e31ee72389d522b88c0d4201f24edc34277999701ccd4a5392e7d8af61",
                "sha256:8d36f7c53ae741e23f54793ffefb2912340b800476eb0a831c6eb602e204c5c4",
                "sha256:910d2272403c2ea8a52d9159827dc9f7c27fb4b263749dca884e2e4a8af3b302",
                "sha256:951fefe2fb73f84c620bec4e001e80a80ddaa1b84dce244ded7f1e0cbe0ed34a",
                "sha256:9588c6b4157f493edeb9378788dcd02cb9e6a6aeaa518b511a1c79d06cbd8094",
                "sha256:9ce8300950f2f1d29d0e49c28ebfff0d2f1e2a7444830fbb0b913c7c08f31511",
                "sha256:be39cca66cc6806652da97103605c7b65ee4442c638f04ff064a7efd9a81d50a",
                "sha256:c3ab2d835b95ccb59d11dfcd56eb0480daea57cdf95d686d22eff35584bc4554",
                "sha256:eb0fc4a492cb896346c9e2c7a22eae3e766d407df3eb20f4ce027f23f76e4c54",
                "sha256:ec0c56eae6cee6299f41e780a0280318a93db519bbb2906103c43f3e2be1206c",
                "sha256:f4e4612de60a4f1c4d06c8c2857cdcb2b8b5289189a12053f37d3f41f06c60d0"
            ],
            "version": "==1.17.0"
        },
        "pandas": {
            "hashes": [
                "sha256:074a032f99bb55d178b93bd98999c971542f19317829af08c99504febd9e9b8b",
                "sha256:20f1728182b49575c2f6f681b3e2af5fac9e84abdf29488e76d569a7969b362e",
                "sha256:2745ba6e16c34d13d765c3657bb64fa20a0e2daf503e6216a36ed61770066179",
                "sha256:32c44e5b628c48ba17703f734d59f369d4cdcb4239ef26047d6c8a8bfda29a6b",
                "sha256:3b9f7dcee6744d9dcdd53bce19b91d20b4311bf904303fa00ef58e7df398e901",
                "sha256:544f2033250980fb6f069ce4a960e5f64d99b8165d01dc39afd0b244eeeef7d7",
                "sha256:58f9ef68975b9f00ba96755d5702afdf039dea9acef6a0cfd8ddcde32918a79c",
                "sha256:9023972a92073a495eba1380824b197ad1737550fe1c4ef8322e65fe58662888",
                "sha256:914341ad2d5b1ea522798efa4016430b66107d05781dbfe7cf05eba8f37df995",
                "sha256:9d151bfb0e751e2c987f931c57792871c8d7ff292bcdfcaa7233012c367940ee",
                "sha256:b932b127da810fef57d427260dde1ad54542c136c44b227a1e367551bb1a684b",
                "sha256:cfb862aa37f4dd5be0730731fdb8185ac935aba8b51bf3bd035658111c9ee1c9",
                "sha256:de7ecb4b120e98b91e8a2a21f186571266a8d1faa31d92421e979c7ca67d8e5c",
                "sha256:df7e1933a0b83920769611c5d6b9a1bf301e3fa6a544641c6678c67621fe9843"
            ],
            "index": "pypi",
            "version": "==0.25.0"
        },
        "path.py": {
            "hashes": [
                "sha256:486d9c17f3a41285facf41346f3799e774d7d0dfb600a5ab619806e6eadcf072",
                "sha256:ada95d117c4559abe64080961daf5badda68561afdd34c278f8ca20f2fa466d2"
            ],
            "index": "pypi",
            "version": "==8.1.2"
        },
        "pexpect": {
            "hashes": [
                "sha256:232795ebcaaf2e120396dbbaa3a129eda51757eeaae1911558f4ef8ee414fc6c"
            ],
            "index": "pypi",
            "version": "==4.0.1"
        },
        "pickleshare": {
            "hashes": [
                "sha256:2e6064fc69561192f41997ee027336bb0d2e5126f370c9bd250a1050b903ded3",
                "sha256:4c24a277a2220bc9a5b52e45d47433d9db4b9235637cbc86c366f74131da8109"
            ],
            "index": "pypi",
            "version": "==0.6"
        },
        "ptyprocess": {
            "hashes": [
                "sha256:dcb78fb2197b49ca1b7b2f37b047bc89c0da7a90f90bd5bc17c3ce388bb6ef59"
            ],
            "index": "pypi",
            "version": "==0.5"
        },
        "pyasn1": {
            "hashes": [
                "sha256:28fee44217991cfad9e6a0b9f7e3f26041e21ebc96629e94e585ccd05d49fa65",
                "sha256:853cacd96d1f701ddd67aa03ecc05f51890135b7262e922710112f12a2ed2a7f"
            ],
            "index": "pypi",
            "version": "==0.1.9"
        },
        "pyasn1-modules": {
            "hashes": [
                "sha256:10561934f1829bcc455c7ecdcdacdb4be5ffd3696f26f468eb6eb41e107f3837",
                "sha256:6c955210b86fcff3420957072280560ddaf183aa761fb76240c20c322e01021d"
            ],
            "index": "pypi",
            "version": "==0.0.8"
        },
        "pycparser": {
            "hashes": [
                "sha256:7959b4a74abdc27b312fed1c21e6caf9309ce0b29ea86b591fd2e99ecdf27f73"
            ],
            "index": "pypi",
            "version": "==2.14"
        },
        "pymongo": {
            "hashes": [
                "sha256:25acdfd9d1a2f062d99766fb9c174a47cb159ad5eb76592b503cbf5fec3f3156",
                "sha256:2763c774e7f7a8001cc9ce66f7acb37559132628b72609a99173468b467700fc",
                "sha256:2969299f133067004823ac874517fa2c91f6385d480e6a17675bf76876e80591",
                "sha256:32f9fcea5c072aeba61543bace8b6542b130e33ed90d880396fa80fc2ebde6dd",
                "sha256:3418f72e006a027518f868e27c755923bc1886e9deb024738c91edbe734e7681",
                "sha256:37849581c78ddb2904d521bd5baf2d32ec251435bc6b7da8e97353b07803c9c2",
                "sha256:540a9b5d65e2dc44e60f07c4eb409a3580ede6c53d78dc8d55c9d334e7fe41af",
                "sha256:57a86ca602b0a4d2da1f9f3afa8c59fd8ca62d829f6d8f467eae0b7cb22ba88a",
                "sha256:5d50c6be33d20a82d9abae85ea6607c7406b103f15d6a2c17fda2281812ea3e1",
                "sha256:6e23398814e51fbf88bd2ad9072519ee400d69c71617260a2e4b52062e3fb5e9",
                "sha256:95f601ff65b93b19fe9732429ccdc97528601fc46565cc9d996f648912f20dae",
                "sha256:985407d50b1e266dc7385fb5f612600dc42f488edf6739f3a9dcdde12c07ae93",
                "sha256:a5b00c22c3b5ca6524b299386acbdc8351df6f0ed549ef5278ae676fa48bff47",
                "sha256:acaf71190df58b383b9cbce4f2450fdd5f8c92211880ef448430900fbcfa9e20",
                "sha256:b1d0e377a71aac071965d8ac68af6942f62a1e422598ed08f5fdbaca1a981d68",
                "sha256:b5474194826e5bf1e4b2076c4df581c781fa17189dcbed5453e171c110c10802",
                "sha256:c9eef8db3a57c1ac47b573fc3d2ede4f9691c1282c8f6ee9ab23791979a3ee3b",
                "sha256:ca1b1972457f74bc08534099c95167cc0f4450db73acb7a5dcc17320702dcb47",
                "sha256:cacd136daaf4e367010efd8112617cd1a7a4261da92a5e78c1e5a292170fe675",
                "sha256:cc32210fdf7f3a2e361e7e14f808f689479d473ae8125f3b76be59a0bd9526ca",
                "sha256:ced200eec21f31c76b0b9e37f31be3d93396dd58bb52a428f1afd11f3ec0da0e",
                "sha256:d398ed1b8b02bb3ad8f0386b4ed1a49b4c8b1679e84fa76ced0dc09e80157a2d",
                "sha256:dce418ccf287562e624f243e87d2892af12a65a9002579cfb4bcde1606c34cf2",
                "sha256:e181c44ba0fe35d8fb76d36aa163eee7c829f86ae85f235f5ba5b74ae88ef9ac",
                "sha256:ef911097ecf042bfdce61d5d8fb8b282d49a3760740bd89301258f991879b7d2"
            ],
            "index": "pypi",
            "version": "==3.2.1"
        },
        "pyopenssl": {
            "hashes": [
                "sha256:26ca380ddf272f7556e48064bbcd5bd71f83dfc144f3583501c7ddbd9434ee17",
                "sha256:7779a3bbb74e79db234af6a08775568c6769b5821faecf6e2f4143edb227516e"
            ],
            "index": "pypi",
            "version": "==16.2.0"
        },
        "python-dateutil": {
            "hashes": [
                "sha256:7e6584c74aeed623791615e26efd690f29817a27c73085b78e4bad02493df2fb",
                "sha256:c89805f6f4d64db21ed966fda138f8a5ed7a4fdbc1a8ee329ce1b74e3c74da9e"
            ],
            "version": "==2.8.0"
        },
        "pytz": {
            "hashes": [
                "sha256:26c0b32e437e54a18161324a2fca3c4b9846b74a8dccddd843113109e1116b32",
                "sha256:c894d57500a4cd2d5c71114aaab77dbab5eabd9022308ce5ac9bb93a60a6f0c7"
            ],
            "version": "==2019.2"
        },
        "queuelib": {
            "hashes": [
                "sha256:a6829918157ed433fafa87b0bb1e93e3e63c885270166db5884a02c34c86f914",
                "sha256:c97f2120e070e2b8a5e8a60afe10bd7b3ae70c0994d6bb9c4d802b0448241339"
            ],
            "index": "pypi",
            "version": "==1.4.2"
        },
        "scikit-learn": {
            "hashes": [
                "sha256:1ac81293d261747c25ea5a0ee8cd2bb1f3b5ba9ec05421a7f9f0feb4eb7c4116",
                "sha256:289361cf003d90b007f5066b27fcddc2d71324c82f1c88e316fedacb0dfdd516",
                "sha256:3a14d0abd4281fc3fd2149c486c3ec7cedad848b8d5f7b6f61522029d65a29f8",
                "sha256:5083a5e50d9d54548e4ada829598ae63a05651dd2bb319f821ffd9e8388384a6",
                "sha256:777cdd5c077b7ca9cb381396c81990cf41d2fa8350760d3cad3b4c460a7db644",
                "sha256:8bf2ff63da820d09b96b18e88f9625228457bff8df4618f6b087e12442ef9e15",
                "sha256:8d319b71c449627d178f21c57614e21747e54bb3fc9602b6f42906c3931aa320",
                "sha256:928050b65781fea9542dfe9bfe02d8c4f5530baa8472ec60782ea77347d2c836",
                "sha256:92c903613ff50e22aa95d589f9fff5deb6f34e79f7f21f609680087f137bb524",
                "sha256:ae322235def5ce8fae645b439e332e6f25d34bb90d6a6c8e261f17eb476457b7",
                "sha256:c1cd6b29eb1fd1cc672ac5e4a8be5f6ea936d094a3dc659ada0746d6fac750b1",
                "sha256:c41a6e2685d06bcdb0d26533af2540f54884d40db7e48baed6a5bcbf1a7cc642",
                "sha256:d07fcb0c0acbc043faa0e7cf4d2037f71193de3fb04fb8ed5c259b089af1cf5c",
                "sha256:d146d5443cda0a41f74276e42faf8c7f283fef49e8a853b832885239ef544e05",
                "sha256:eb2b7bed0a26ba5ce3700e15938b28a4f4513578d3e54a2156c29df19ac5fd01",
                "sha256:eb9b8ebf59eddd8b96366428238ab27d05a19e89c5516ce294abc35cea75d003"
            ],
            "index": "pypi",
            "version": "==0.21.3"
        },
        "scipy": {
            "hashes": [
                "sha256:0baa64bf42592032f6f6445a07144e355ca876b177f47ad8d0612901c9375bef",
                "sha256:243b04730d7223d2b844bda9500310eecc9eda0cba9ceaf0cde1839f8287dfa8",
                "sha256:2643cfb46d97b7797d1dbdb6f3c23fe3402904e3c90e6facfe6a9b98d808c1b5",
                "sha256:396eb4cdad421f846a1498299474f0a3752921229388f91f60dc3eda55a00488",
                "sha256:3ae3692616975d3c10aca6d574d6b4ff95568768d4525f76222fb60f142075b9",
                "sha256:435d19f80b4dcf67dc090cc04fde2c5c8a70b3372e64f6a9c58c5b806abfa5a8",
                "sha256:46a5e55850cfe02332998b3aef481d33f1efee1960fe6cfee0202c7dd6fc21ab",
                "sha256:75b513c462e58eeca82b22fc00f0d1875a37b12913eee9d979233349fce5c8b2",
                "sha256:7ccfa44a08226825126c4ef0027aa46a38c928a10f0a8a8483c80dd9f9a0ad44",
                "sha256:89dd6a6d329e3f693d1204d5562dd63af0fd7a17854ced17f9cbc37d5b853c8d",
                "sha256:a81da2fe32f4eab8b60d56ad43e44d93d392da228a77e229e59b51508a00299c",
                "sha256:a9d606d11eb2eec7ef893eb825017fbb6eef1e1d0b98a5b7fc11446ebeb2b9b1",
                "sha256:ac37eb652248e2d7cbbfd89619dce5ecfd27d657e714ed049d82f19b162e8d45",
                "sha256:cbc0611699e420774e945f6a4e2830f7ca2b3ee3483fca1aa659100049487dd5",
                "sha256:d02d813ec9958ed63b390ded463163685af6025cb2e9a226ec2c477df90c6957",
                "sha256:dd3b52e00f93fd1c86f2d78243dfb0d02743c94dd1d34ffea10055438e63b99d"
            ],
            "version": "==1.3.1"
        },
        "scrapy": {
            "hashes": [
                "sha256:453448aa57cf1146b1922fb36887f2a20e3160bd85ff4560cc006abb2bb652ef",
                "sha256:4b19ab5e9d8cd646e7d5628b9655b6eee2643a201db87e197cda12012331729d"
            ],
            "index": "pypi",
            "version": "==1.0.4"
        },
        "service-identity": {
            "hashes": [
                "sha256:3105a319a7c558490666694f599be0c377ad54824eefb404cde4ce49e74a4f5a",
                "sha256:c4e09794c54229a4d2bf6a784130880259f0b0870d2f40e9712dc4114f06795c"
            ],
            "index": "pypi",
            "version": "==14.0.0"
        },
        "simplegeneric": {
            "hashes": [
                "sha256:dc972e06094b9af5b855b3df4a646395e43d1c9d0d39ed345b7393560d0b9173"
            ],
            "index": "pypi",
            "version": "==0.8.1"
        },
        "six": {
            "hashes": [
                "sha256:0ff78c403d9bccf5a425a6d31a12aa6b47f1c21ca4dc2573a7e2f32a97335eb1",
                "sha256:105f8d68616f8248e24bf0e9372ef04d3cc10104f1980f54d57b2ce73a5ad56a"
            ],
            "index": "pypi",
            "version": "==1.10.0"
        },
        "traitlets": {
            "hashes": [
                "sha256:0fdac5614e5cb3329a39d48bbbc4b95813920af7565c1488b5d787ef2863be26",
                "sha256:440e38dfa5d2a26c086d4b427cfb7aed17d0a2dca78bce90c33354da2592af5b",
                "sha256:51e4a500456dcf82e99b9020b2564f3eb6d709851adaf84ffb2425f120a8a064"
            ],
            "index": "pypi",
            "version": "==4.1.0"
        },
        "twisted": {
            "hashes": [
                "sha256:07a150a5a94804b6ce429327b2e7e607f13594082171aa5989b1fbd04bd1d964",
                "sha256:a8046804a0dfae090234bbb90fc560a6cc11a208b3d048b55244c79c1945c17f"
            ],
            "index": "pypi",
            "version": "==15.5.0"
        },
        "w3lib": {
            "hashes": [
                "sha256:28973015f60c490d4f80e5ebc513be8d2b6642ec532b2e75165090155f820067",
                "sha256:72739cb480413a1d2cf176942986a2b9113411166ac81f2551e5f5eecc383a84"
            ],
            "index": "pypi",
            "version": "==1.13.0"
        },
        "xlrd": {
            "hashes": [
                "sha256:546eb36cee8db40c3eaa46c351e67ffee6eeb5fa2650b71bc4c758a29a1b29b2",
                "sha256:e551fb498759fa3a5384a94ccd4c3c02eb7c00ea424426e212ac0c57be9dfbde"
            ],
            "index": "pypi",
            "version": "==1.2.0"
        },
        "zope.interface": {
            "hashes": [
                "sha256:2e221a9eec7ccc58889a278ea13dcfed5ef939d80b07819a9a8b3cb1c681484f"
            ],
            "index": "pypi",
            "version": "==4.1.3"
        }
    },
    "develop": {
        "appdirs": {
            "hashes": [
                "sha256:9e5896d1372858f8dd3344faf4e5014d21849c756c8d5701f78f8a103b372d92",
                "sha256:d8b24664561d0d34ddfaec54636d502d7cea6e29c3eaf68f3df6180863e2166e"
            ],
            "version": "==1.4.3"
        },
        "attrs": {
            "hashes": [
                "sha256:69c0dbf2ed392de1cb5ec704444b08a5ef81680a61cb899dc08127123af36a79",
                "sha256:f0b870f674851ecbfbbbd364d6b5cbdff9dcedbc7f3f5e18a6891057f21fe399"
            ],
            "version": "==19.1.0"
        },
        "black": {
            "hashes": [
                "sha256:09a9dcb7c46ed496a9850b76e4e825d6049ecd38b611f1224857a79bd985a8cf",
                "sha256:68950ffd4d9169716bcb8719a56c07a2f4485354fec061cdd5910aa07369731c"
            ],
            "index": "pypi",
            "version": "==19.3b0"
        },
        "click": {
            "hashes": [
                "sha256:2335065e6395b9e67ca716de5f7526736bfa6ceead690adf616d925bdc622b13",
                "sha256:5b94b49521f6456670fdb30cd82a4eca9412788a93fa6dd6df72c94d5a8ff2d7"
            ],
            "version": "==7.0"
        },
        "toml": {
            "hashes": [
                "sha256:229f81c57791a41d65e399fc06bf0848bab550a9dfd5ed66df18ce5f05e73d5c",
                "sha256:235682dd292d5899d361a811df37e04a8828a5b1da3115886b73cf81ebc9100e"
            ],
            "version": "==0.10.0"
        }
    }
}
